
Microsoft Visual Studio Solution File, Format Version 12.00
# Visual Studio Version 16
VisualStudioVersion = 16.0.31229.75
MinimumVisualStudioVersion = 10.0.40219.1
Project("{9A19103F-16F7-4668-BE54-9A1E7A4F7556}") = "PowerAutomateScript", "PowerAutomateScript.csproj", "{E7B15F7C-03A0-4C44-8403-673D4E4F8A0C}"
EndProject
Global
	GlobalSection(SolutionConfigurationPlatforms) = preSolution
		Debug|Any CPU = Debug|Any CPU
		Release|Any CPU = Release|Any CPU
	EndGlobalSection
	GlobalSection(ProjectConfigurationPlatforms) = postSolution
		{E7B15F7C-03A0-4C44-8403-673D4E4F8A0C}.Debug|Any CPU.ActiveCfg = Debug|Any CPU
		{E7B15F7C-03A0-4C44-8403-673D4E4F8A0C}.Debug|Any CPU.Build.0 = Debug|Any CPU
		{E7B15F7C-03A0-4C44-8403-673D4E4F8A0C}.Release|Any CPU.ActiveCfg = Release|Any CPU
		{E7B15F7C-03A0-4C44-8403-673D4E4F8A0C}.Release|Any CPU.Build.0 = Release|Any CPU
	EndGlobalSection
	GlobalSection(SolutionProperties) = preSolution
		HideSolutionNode = FALSE
	EndGlobalSection
	GlobalSection(ExtensibilityGlobals) = postSolution
		SolutionGuid = {79257902-133F-42C9-BBBF-6DCDBB693798}
	EndGlobalSection
EndGlobal
